
Microsoft Visual Studio Solution File, Format Version 12.00
# Visual Studio Version 16
VisualStudioVersion = 16.0.30907.101
MinimumVisualStudioVersion = 10.0.40219.1
Project("{9092AA53-FB77-4645-B42D-1CCCA6BD08BD}") = "BookingManagementApplication", "BookingManagementApplication.njsproj", "{DED7BDED-5CAC-419C-BBC3-F7D65626D21B}"
EndProject
Global
	GlobalSection(SolutionConfigurationPlatforms) = preSolution
		Debug|Any CPU = Debug|Any CPU
		Release|Any CPU = Release|Any CPU
	EndGlobalSection
	GlobalSection(ProjectConfigurationPlatforms) = postSolution
		{DED7BDED-5CAC-419C-BBC3-F7D65626D21B}.Debug|Any CPU.ActiveCfg = Debug|Any CPU
		{DED7BDED-5CAC-419C-BBC3-F7D65626D21B}.Debug|Any CPU.Build.0 = Debug|Any CPU
		{DED7BDED-5CAC-419C-BBC3-F7D65626D21B}.Release|Any CPU.ActiveCfg = Release|Any CPU
		{DED7BDED-5CAC-419C-BBC3-F7D65626D21B}.Release|Any CPU.Build.0 = Release|Any CPU
	EndGlobalSection
	GlobalSection(SolutionProperties) = preSolution
		HideSolutionNode = FALSE
	EndGlobalSection
	GlobalSection(ExtensibilityGlobals) = postSolution
		SolutionGuid = {96AD8D37-4F20-4901-B44A-4C2C052D7E75}
	EndGlobalSection
EndGlobal
